
Microsoft Visual Studio Solution File, Format Version 11.00
# Visual Studio 2010
Project("{FAE04EC0-301F-11D3-BF4B-00C04F79EFBC}") = "PulseLikeUI", "PulseLikeUI\PulseLikeUI.csproj", "{F6C7F5CA-CABC-474C-8030-A862BBE5A368}"
EndProject
Global
	GlobalSection(SolutionConfigurationPlatforms) = preSolution
		Debug|iPhoneSimulator = Debug|iPhoneSimulator
		Release|iPhoneSimulator = Release|iPhoneSimulator
		Debug|iPhone = Debug|iPhone
		Release|iPhone = Release|iPhone
		Ad-Hoc|iPhone = Ad-Hoc|iPhone
		AppStore|iPhone = AppStore|iPhone
	EndGlobalSection
	GlobalSection(ProjectConfigurationPlatforms) = postSolution
		{F6C7F5CA-CABC-474C-8030-A862BBE5A368}.Ad-Hoc|iPhone.ActiveCfg = Ad-Hoc|iPhone
		{F6C7F5CA-CABC-474C-8030-A862BBE5A368}.Ad-Hoc|iPhone.Build.0 = Ad-Hoc|iPhone
		{F6C7F5CA-CABC-474C-8030-A862BBE5A368}.AppStore|iPhone.ActiveCfg = AppStore|iPhone
		{F6C7F5CA-CABC-474C-8030-A862BBE5A368}.AppStore|iPhone.Build.0 = AppStore|iPhone
		{F6C7F5CA-CABC-474C-8030-A862BBE5A368}.Debug|iPhone.ActiveCfg = Debug|iPhone
		{F6C7F5CA-CABC-474C-8030-A862BBE5A368}.Debug|iPhone.Build.0 = Debug|iPhone
		{F6C7F5CA-CABC-474C-8030-A862BBE5A368}.Debug|iPhoneSimulator.ActiveCfg = Debug|iPhoneSimulator
		{F6C7F5CA-CABC-474C-8030-A862BBE5A368}.Debug|iPhoneSimulator.Build.0 = Debug|iPhoneSimulator
		{F6C7F5CA-CABC-474C-8030-A862BBE5A368}.Release|iPhone.ActiveCfg = Release|iPhone
		{F6C7F5CA-CABC-474C-8030-A862BBE5A368}.Release|iPhone.Build.0 = Release|iPhone
		{F6C7F5CA-CABC-474C-8030-A862BBE5A368}.Release|iPhoneSimulator.ActiveCfg = Release|iPhoneSimulator
		{F6C7F5CA-CABC-474C-8030-A862BBE5A368}.Release|iPhoneSimulator.Build.0 = Release|iPhoneSimulator
	EndGlobalSection
	GlobalSection(MonoDevelopProperties) = preSolution
		StartupItem = PulseLikeUI\PulseLikeUI.csproj
	EndGlobalSection
EndGlobal
